{
  "nodes": {
    "flakeNimbleLib": {
      "inputs": {
        "nixpkgs": [
          "nixpkgs"
        ]
      },
      "locked": {
        "lastModified": 1662018438,
        "narHash": "sha256-QtNtU6+LX3Wokxf0zlFwKTFOcn6TeDjKQZ+DA9OYtvM=",
        "owner": "riinr",
        "repo": "nim-flakes-lib",
        "rev": "b1fe8340736e3a85d25c709ac3dfd82a55c03cbf",
        "type": "github"
      },
      "original": {
        "owner": "riinr",
        "ref": "master",
        "repo": "nim-flakes-lib",
        "type": "github"
      }
    },
    "nixpkgs": {
      "locked": {
        "lastModified": 1667199707,
        "narHash": "sha256-I2Js3Y7gUyVSEXPULHlBoRek4Lh85vnevdS6mdvDNLI=",
        "owner": "NixOS",
        "repo": "nixpkgs",
        "rev": "ced197be72099edcfa68ebed8b87af7b04851f45",
        "type": "github"
      },
      "original": {
        "id": "nixpkgs",
        "type": "indirect"
      }
    },
    "pylib-master": {
      "inputs": {
        "flakeNimbleLib": [
          "flakeNimbleLib"
        ],
        "nixpkgs": [
          "nixpkgs"
        ],
        "src-pylib-master": "src-pylib-master"
      },
      "locked": {
        "dir": "master",
        "lastModified": 1667322605,
        "narHash": "sha256-CeyS/wgjAPnbl9BYuwf05i/WlNVPArVq3mN0uWm25l4=",
        "owner": "nim-nix-pkgs",
        "repo": "pylib",
        "rev": "a565181aca542b1b06d71751e0075bb4eda65757",
        "type": "github"
      },
      "original": {
        "dir": "master",
        "owner": "nim-nix-pkgs",
        "ref": "master",
        "repo": "pylib",
        "type": "github"
      }
    },
    "root": {
      "inputs": {
        "flakeNimbleLib": "flakeNimbleLib",
        "nixpkgs": "nixpkgs",
        "pylib-master": "pylib-master"
      }
    },
    "src-pylib-master": {
      "flake": false,
      "locked": {
        "lastModified": 1652031055,
        "narHash": "sha256-rBqgnHBL3VNcZH5R8RJc1KHaxUB9IrRPB9aFO66J01I=",
        "owner": "Yardanico",
        "repo": "nimpylib",
        "rev": "9e75198eaabe20ccc6b11a81555c25d561c543f9",
        "type": "github"
      },
      "original": {
        "owner": "Yardanico",
        "ref": "refs/heads/master",
        "repo": "nimpylib",
        "type": "github"
      }
    }
  },
  "root": "root",
  "version": 7
}
